<?xml version="1.0" encoding="utf-8"?>
<Project ToolsVersion="4.0" xmlns="http://schemas.microsoft.com/developer/msbuild/2003">
  <ItemGroup>
    <Filter Include="UVA">
      <UniqueIdentifier>{ababf6cb-7349-42aa-96e6-cbaf90f34381}</UniqueIdentifier>
    </Filter>
    <Filter Include="input">
      <UniqueIdentifier>{57918804-7817-43e6-80d4-2909af853fce}</UniqueIdentifier>
    </Filter>
    <Filter Include="SPOJ">
      <UniqueIdentifier>{e409dcc5-e4d1-40d8-a51c-23512f3a8711}</UniqueIdentifier>
    </Filter>
    <Filter Include="UVA\Graphs">
      <UniqueIdentifier>{83c0de24-1d07-44f6-8765-8814dc2c325a}</UniqueIdentifier>
    </Filter>
    <Filter Include="UVA\DP">
      <UniqueIdentifier>{7929d6be-143c-4fd7-9005-556448203edf}</UniqueIdentifier>
    </Filter>
    <Filter Include="UVA\Strings">
      <UniqueIdentifier>{b33c527e-c12d-411c-a451-348a26c57f24}</UniqueIdentifier>
    </Filter>
    <Filter Include="UVA\Adhoc">
      <UniqueIdentifier>{7da96952-2b90-456c-9868-6c40eb87b622}</UniqueIdentifier>
    </Filter>
    <Filter Include="UVA\D&amp;C_Exhaustive">
      <UniqueIdentifier>{f1ce417e-104c-474f-bddc-13ebdc0d5a83}</UniqueIdentifier>
    </Filter>
  </ItemGroup>
  <ItemGroup>
    <ClInclude Include="..\CommonHeader.h" />
    <ClInclude Include="resource.h" />
    <ClInclude Include="..\ConsoleColor.h" />
  </ItemGroup>
  <ItemGroup>
    <ResourceCompile Include="Algorithm.rc" />
  </ItemGroup>
  <ItemGroup>
    <ClCompile Include="..\src\spoj\SPOJ_Fishmonger.cpp">
      <Filter>SPOJ</Filter>
    </ClCompile>
    <ClCompile Include="..\src\uva\Self_Max_Cover.cpp">
      <Filter>UVA\Graphs</Filter>
    </ClCompile>
    <ClCompile Include="..\src\uva\UVa 103_Stacking_Boxes.cpp">
      <Filter>UVA\DP</Filter>
    </ClCompile>
    <ClCompile Include="..\src\uva\UVA_10003_Cutting_Sticks.cpp">
      <Filter>UVA\DP</Filter>
    </ClCompile>
    <ClCompile Include="..\src\uva\UVA_10010_Where_Waldorf.cpp">
      <Filter>UVA\Strings</Filter>
    </ClCompile>
    <ClCompile Include="..\src\uva\UVA_10048_Audiophobia.cpp">
      <Filter>UVA\Graphs</Filter>
    </ClCompile>
    <ClCompile Include="..\src\uva\UVA_10074_Take_the_Land.cpp">
      <Filter>UVA\DP</Filter>
    </ClCompile>
    <ClCompile Include="..\src\uva\UVA_100_3NPLUS1.cpp">
      <Filter>UVA\Adhoc</Filter>
    </ClCompile>
    <ClCompile Include="..\src\uva\UVA_10130_SuperSale.cpp">
      <Filter>UVA\DP</Filter>
    </ClCompile>
    <ClCompile Include="..\src\uva\UVA_10213_How_Many_Pieces_of_Land.cpp">
      <Filter>UVA\Adhoc</Filter>
    </ClCompile>
    <ClCompile Include="..\src\uva\UVA_10261_Ferry_Loading.cpp">
      <Filter>UVA\DP</Filter>
    </ClCompile>
    <ClCompile Include="..\src\uva\UVA_10278_Fire_Station.cpp">
      <Filter>UVA\Graphs</Filter>
    </ClCompile>
    <ClCompile Include="..\src\uva\UVA_10306_e_Coins.cpp">
      <Filter>UVA\DP</Filter>
    </ClCompile>
    <ClCompile Include="..\src\uva\UVA_10285_Longest_run_on_Snowboard.cpp">
      <Filter>UVA\D&amp;C_Exhaustive</Filter>
    </ClCompile>
    <ClCompile Include="..\src\uva\UVA_10360_Rat_Attack.cpp">
      <Filter>UVA\D&amp;C_Exhaustive</Filter>
    </ClCompile>
    <ClCompile Include="..\src\uva\UVA_10364_Square.cpp">
      <Filter>UVA\DP</Filter>
    </ClCompile>
    <ClCompile Include="..\src\uva\UVA_10369_Arctic_Network.cpp">
      <Filter>UVA\Graphs</Filter>
    </ClCompile>
    <ClCompile Include="..\src\uva\UVA_10459_The_Tree_Root.cpp">
      <Filter>UVA\Graphs</Filter>
    </ClCompile>
    <ClCompile Include="..\src\uva\UVA_10480_Sabotage.cpp">
      <Filter>UVA\Graphs</Filter>
    </ClCompile>
    <ClCompile Include="..\src\uva\UVA_10496_Collecting_Beepers.cpp">
      <Filter>UVA\DP</Filter>
    </ClCompile>
    <ClCompile Include="..\src\uva\UVA_104_Arbitrage.cpp">
      <Filter>UVA\Graphs</Filter>
    </ClCompile>
    <ClCompile Include="..\src\uva\UVA_10507_Waking_up_brain.cpp">
      <Filter>UVA\Graphs</Filter>
    </ClCompile>
    <ClCompile Include="..\src\uva\UVa_1056_Degree_Of_Seperation.cpp">
      <Filter>UVA\Graphs</Filter>
    </ClCompile>
    <ClCompile Include="..\src\uva\UVA_10616_Divisible_Group_Sums.cpp">
      <Filter>UVA\DP</Filter>
    </ClCompile>
    <ClCompile Include="..\src\uva\UVA_10667_Largest_Block.cpp">
      <Filter>UVA\DP</Filter>
    </ClCompile>
    <ClCompile Include="..\src\uva\UVA_10801_Lift_Hopping.cpp">
      <Filter>UVA\Graphs</Filter>
    </ClCompile>
    <ClCompile Include="..\src\uva\UVA_10819_Trouble_of_13_Dots.cpp">
      <Filter>UVA\DP</Filter>
    </ClCompile>
    <ClCompile Include="..\src\uva\UVA_10827_Maximum_sum_on_a_torus.cpp">
      <Filter>UVA\DP</Filter>
    </ClCompile>
    <ClCompile Include="..\src\uva\UVa_10898_Combo_Deal.cpp">
      <Filter>UVA\DP</Filter>
    </ClCompile>
    <ClCompile Include="..\src\uva\UVA_108_Maximum_sum.cpp">
      <Filter>UVA\DP</Filter>
    </ClCompile>
    <ClCompile Include="..\src\uva\UVA_10911_Forming_Quiz_Teams.cpp">
      <Filter>UVA\DP</Filter>
    </ClCompile>
    <ClCompile Include="..\src\uva\UVa_1099_Sharing_Chocolate.cpp">
      <Filter>UVA\DP</Filter>
    </ClCompile>
    <ClCompile Include="..\src\uva\UVA_11284_Shopping_Trip.cpp">
      <Filter>UVA\DP</Filter>
    </ClCompile>
    <ClCompile Include="..\src\uva\UVA_11367_Fulltank.cpp">
      <Filter>UVA\Graphs</Filter>
    </ClCompile>
    <ClCompile Include="..\src\uva\UVa_11380_Down_Went_The_Titanic.cpp">
      <Filter>UVA\Graphs</Filter>
    </ClCompile>
    <ClCompile Include="..\src\uva\UVa_11391_Blobs_in_the_Board.cpp">
      <Filter>UVA\DP</Filter>
    </ClCompile>
    <ClCompile Include="..\src\uva\UVA_11450_Wedding_Shopping.cpp">
      <Filter>UVA\DP</Filter>
    </ClCompile>
    <ClCompile Include="..\src\uva\UVA_11456_Trainsorting.cpp">
      <Filter>UVA\DP</Filter>
    </ClCompile>
    <ClCompile Include="..\src\uva\UVa_11475_Extend_to_Palindromes.cpp">
      <Filter>UVA\Strings</Filter>
    </ClCompile>
    <ClCompile Include="..\src\uva\UVa_11503_Virtual_Friends.cpp">
      <Filter>UVA\Graphs</Filter>
    </ClCompile>
    <ClCompile Include="..\src\uva\UVA_11506_Angry_Programmer.cpp">
      <Filter>UVA\Graphs</Filter>
    </ClCompile>
    <ClCompile Include="..\src\uva\UVA_11790_Murcia_Skyline.cpp">
      <Filter>UVA\DP</Filter>
    </ClCompile>
    <ClCompile Include="..\src\uva\UVA_11906_Knight_in_War_Grid.cpp">
      <Filter>UVA\D&amp;C_Exhaustive</Filter>
    </ClCompile>
    <ClCompile Include="..\src\uva\UVA_11951_Area.cpp">
      <Filter>UVA\DP</Filter>
    </ClCompile>
    <ClCompile Include="..\src\uva\UVA_11957_Checkers.cpp">
      <Filter>UVA\D&amp;C_Exhaustive</Filter>
    </ClCompile>
    <ClCompile Include="..\src\uva\UVA_1203_Argus.cpp">
      <Filter>UVA\Adhoc</Filter>
    </ClCompile>
    <ClCompile Include="..\src\uva\UVA_12047_Highest_Paid_Toll.cpp">
      <Filter>UVA\Graphs</Filter>
    </ClCompile>
    <ClCompile Include="..\src\uva\UVA_12125_March_of_the_Penguins.cpp">
      <Filter>UVA\Graphs</Filter>
    </ClCompile>
    <ClCompile Include="..\src\uva\UVA_1213_Sum_of_Different_Primes.cpp">
      <Filter>UVA\DP</Filter>
    </ClCompile>
    <ClCompile Include="..\src\uva\UVA_12379_Central_Post_Office.cpp">
      <Filter>UVA\Graphs</Filter>
    </ClCompile>
    <ClCompile Include="..\src\uva\UVa_12467_Secret_word.cpp">
      <Filter>UVA\Strings</Filter>
    </ClCompile>
    <ClCompile Include="..\src\uva\UVA_216_Getting_in_Line.cpp">
      <Filter>UVA\DP</Filter>
    </ClCompile>
    <ClCompile Include="..\src\uva\UVA_259_Software_Allocation.cpp">
      <Filter>UVA\Graphs</Filter>
    </ClCompile>
    <ClCompile Include="..\src\uva\UVA_4106_ACORN.cpp">
      <Filter>UVA\DP</Filter>
    </ClCompile>
    <ClCompile Include="..\src\uva\UVA_436_ArbitrageII.cpp">
      <Filter>UVA\DP</Filter>
    </ClCompile>
    <ClCompile Include="..\src\uva\UVA_452_Project_Scheduling.cpp">
      <Filter>UVA\Graphs</Filter>
    </ClCompile>
    <ClCompile Include="..\src\uva\UVA_469_Wetlands_of_Florida.cpp">
      <Filter>UVA\Graphs</Filter>
    </ClCompile>
    <ClCompile Include="..\src\uva\UVa_481_WhatGoesUp.cpp">
      <Filter>UVA\DP</Filter>
    </ClCompile>
    <ClCompile Include="..\src\uva\UVA_562_Dividing_coins.cpp">
      <Filter>UVA\DP</Filter>
    </ClCompile>
    <ClCompile Include="..\src\uva\UVA_674_Coin_Change.cpp">
      <Filter>UVA\DP</Filter>
    </ClCompile>
    <ClCompile Include="..\src\uva\UVA_820_Internet_Bandwidth.cpp">
      <Filter>UVA\Graphs</Filter>
    </ClCompile>
    <ClCompile Include="..\src\uva\UVA_836_Largest_Submatrix.cpp">
      <Filter>UVA\DP</Filter>
    </ClCompile>
    <ClCompile Include="..\src\uva\UVA_983_Localized_Summing_for_Blurring.cpp">
      <Filter>UVA\DP</Filter>
    </ClCompile>
    <ClCompile Include="..\src\uva\UVA_988_Many_paths_one_destination.cpp">
      <Filter>UVA\DP</Filter>
    </ClCompile>
    <ClCompile Include="..\src\uva\UVA_990_Diving_for_Gold.cpp">
      <Filter>UVA\DP</Filter>
    </ClCompile>
    <ClCompile Include="..\src\uva\UVA_10341_Solve_It.cpp">
      <Filter>UVA\D&amp;C_Exhaustive</Filter>
    </ClCompile>
    <ClCompile Include="..\src\uva\UVA_147_Dollars.cpp">
      <Filter>UVA\DP</Filter>
    </ClCompile>
    <ClCompile Include="..\src\uva\UVa_11517_Exact_Change.cpp">
      <Filter>UVA\DP</Filter>
    </ClCompile>
    <ClCompile Include="..\src\uva\UVA_11137_Ingenuous_Cubrency.cpp">
      <Filter>UVA\DP</Filter>
    </ClCompile>
    <ClCompile Include="..\src\uva\UVA_357_Let_Me_Count_The_Ways.cpp">
      <Filter>UVA\DP</Filter>
    </ClCompile>
    <ClCompile Include="..\src\uva\UVA_116_Unidirectional_TSP.cpp">
      <Filter>UVA\DP</Filter>
    </ClCompile>
    <ClCompile Include="..\src\uva\UVA_10337_Flight_Planner.cpp">
      <Filter>UVA\DP</Filter>
    </ClCompile>
    <ClCompile Include="..\src\uva\UVA_10036_Divisibility.cpp">
      <Filter>UVA\DP</Filter>
    </ClCompile>
    <ClCompile Include="..\src\uva\UVA_11407_Squares.cpp">
      <Filter>UVA\DP</Filter>
    </ClCompile>
    <ClCompile Include="..\src\uva\UVA_10912_Simple_Minded_Hashing.cpp">
      <Filter>UVA\DP</Filter>
    </ClCompile>
    <ClCompile Include="..\src\uva\UVA_1172_The_Bridges_of_Kolsberg.cpp">
      <Filter>UVA\DP</Filter>
    </ClCompile>
  </ItemGroup>
  <ItemGroup>
    <Text Include="..\input\UVA_10213_How_Many_Pieces_of_Land.txt">
      <Filter>input</Filter>
    </Text>
    <Text Include="..\input\UVA_11456_Trainsorting.txt">
      <Filter>input</Filter>
    </Text>
    <Text Include="..\input\UVa_1056_Degree_Of_Seperation.txt">
      <Filter>input</Filter>
    </Text>
    <Text Include="..\input\UVA_1203_ARGUS.txt">
      <Filter>input</Filter>
    </Text>
    <Text Include="..\input\UVA_11367_FULLTANK.txt">
      <Filter>input</Filter>
    </Text>
    <Text Include="..\input\UVA_469_Wetlands_of_Florida.txt">
      <Filter>input</Filter>
    </Text>
    <Text Include="..\input\UVA_11790_Murcia_Skyline.txt">
      <Filter>input</Filter>
    </Text>
    <Text Include="..\input\UVa_481_WhatGoesUp.txt">
      <Filter>input</Filter>
    </Text>
    <Text Include="..\input\UVA_11951_AREA.txt">
      <Filter>input</Filter>
    </Text>
    <Text Include="..\input\UVA_108_MAXIMUM_SUM.txt">
      <Filter>input</Filter>
    </Text>
    <Text Include="..\input\UVA_103_STACKING_BOXES.txt">
      <Filter>input</Filter>
    </Text>
    <Text Include="..\input\UVA_11450_WEDDING_SHOPPING.txt">
      <Filter>input</Filter>
    </Text>
    <Text Include="..\input\UVA_10285_LONGEST_RUN_ON_SNOWBOARD.txt">
      <Filter>input</Filter>
    </Text>
    <Text Include="..\input\UVA_100_3NPLUS1.txt">
      <Filter>input</Filter>
    </Text>
    <Text Include="..\input\UVA_11906_Knight_in_War_Grid.txt">
      <Filter>input</Filter>
    </Text>
    <Text Include="..\input\UVA_436_ArbitrageII.txt">
      <Filter>input</Filter>
    </Text>
    <Text Include="..\input\UVA_104_Arbitrage.txt">
      <Filter>input</Filter>
    </Text>
    <Text Include="..\input\UVA_452_Project_Scheduling.txt">
      <Filter>input</Filter>
    </Text>
    <Text Include="..\input\SPOJ_FISHMONGER.txt">
      <Filter>input</Filter>
    </Text>
    <Text Include="..\input\UVA_259_SOFTWARE_ALLOCATION.txt">
      <Filter>input</Filter>
    </Text>
    <Text Include="..\input\UVA_820_Internet_Bandwidth.txt">
      <Filter>input</Filter>
    </Text>
    <Text Include="..\input\UVA_10480_Sabotage.txt">
      <Filter>input</Filter>
    </Text>
    <Text Include="..\input\UVa_11380_Down_Went_The_Titanic.txt">
      <Filter>input</Filter>
    </Text>
    <Text Include="..\input\UVA_10459_The_Tree_Root.txt">
      <Filter>input</Filter>
    </Text>
    <Text Include="..\input\UVA_12379_Central_Post_Office.txt">
      <Filter>input</Filter>
    </Text>
    <Text Include="..\input\UVA_11506_Angry_Programmer.txt">
      <Filter>input</Filter>
    </Text>
    <Text Include="..\input\UVA_10801_Lift_Hopping.txt">
      <Filter>input</Filter>
    </Text>
    <Text Include="..\input\UVA_988_Many_paths_one_destination.txt">
      <Filter>input</Filter>
    </Text>
    <Text Include="..\input\UVA_11957_Checkers.txt">
      <Filter>input</Filter>
    </Text>
    <Text Include="..\input\UVA_12047_Highest_Paid_Toll.txt">
      <Filter>input</Filter>
    </Text>
    <Text Include="..\input\UVA_10369_Arctic_Network.txt">
      <Filter>input</Filter>
    </Text>
    <Text Include="..\input\UVA_12125_March_of_the_Penguins.txt">
      <Filter>input</Filter>
    </Text>
    <Text Include="..\input\UVA_10278_Fire_Station.txt">
      <Filter>input</Filter>
    </Text>
    <Text Include="..\input\UVA_10048_Audiophobia.txt">
      <Filter>input</Filter>
    </Text>
    <Text Include="..\input\UVA_10010_Where_Waldorf.txt">
      <Filter>input</Filter>
    </Text>
    <Text Include="..\input\UVa_11475_Extend_to_Palindromes.txt">
      <Filter>input</Filter>
    </Text>
    <Text Include="..\input\UVa_12467_Secret_word.txt">
      <Filter>input</Filter>
    </Text>
    <Text Include="..\input\UVA_4106_ACORN.txt">
      <Filter>input</Filter>
    </Text>
    <Text Include="..\input\UVA_10507_WAKING_UP_BRAIN.txt">
      <Filter>input</Filter>
    </Text>
    <Text Include="..\input\UVa_11503_Virtual_Friends.txt">
      <Filter>input</Filter>
    </Text>
    <Text Include="..\input\UVA_10341_Solve_It.txt">
      <Filter>input</Filter>
    </Text>
    <Text Include="..\input\UVA_10130_SuperSale.txt">
      <Filter>input</Filter>
    </Text>
    <Text Include="..\input\UVA_10819_Trouble_of_13_Dots.txt">
      <Filter>input</Filter>
    </Text>
    <Text Include="..\input\UVA_10261_Ferry_Loading.txt">
      <Filter>input</Filter>
    </Text>
    <Text Include="..\input\UVA_1213_Sum_of_Different_Primes.txt">
      <Filter>input</Filter>
    </Text>
    <Text Include="..\input\UVA_10360_Rat_Attack.txt">
      <Filter>input</Filter>
    </Text>
    <Text Include="..\input\UVA_10911_Forming_Quiz_Teams.txt">
      <Filter>input</Filter>
    </Text>
    <Text Include="..\input\UVA_10364_Square.txt">
      <Filter>input</Filter>
    </Text>
    <Text Include="..\input\UVa_11391_Blobs_in_the_Board.txt">
      <Filter>input</Filter>
    </Text>
    <Text Include="..\input\UVa_1099_Sharing_Chocolate.txt">
      <Filter>input</Filter>
    </Text>
    <Text Include="..\input\UVA_10003_CUTTING_STICKS.txt">
      <Filter>input</Filter>
    </Text>
    <Text Include="..\input\UVA_10496_Collecting_Beepers.txt">
      <Filter>input</Filter>
    </Text>
    <Text Include="..\input\UVA_216_Getting_in_Line.txt">
      <Filter>input</Filter>
    </Text>
    <Text Include="..\input\UVa_10898_Combo_Deal.txt">
      <Filter>input</Filter>
    </Text>
    <Text Include="..\input\UVA_11284_Shopping_Trip.txt">
      <Filter>input</Filter>
    </Text>
    <Text Include="..\input\UVA_562_Dividing_coins.txt">
      <Filter>input</Filter>
    </Text>
    <Text Include="..\input\UVA_990_Diving_for_Gold.txt">
      <Filter>input</Filter>
    </Text>
    <Text Include="..\input\UVA_10616_Divisible_Group_Sums.txt">
      <Filter>input</Filter>
    </Text>
    <Text Include="..\src\uva\Self_Chip_Selection.txt">
      <Filter>input</Filter>
    </Text>
    <Text Include="..\input\UVA_836_Largest_Submatrix.txt">
      <Filter>input</Filter>
    </Text>
    <Text Include="..\input\UVA_983_Localized_Summing_for_Blurring.txt">
      <Filter>input</Filter>
    </Text>
    <Text Include="..\input\UVA_10667_Largest_Block.txt">
      <Filter>input</Filter>
    </Text>
    <Text Include="..\input\UVA_10827_Maximum_sum_on_a_torus.txt">
      <Filter>input</Filter>
    </Text>
    <Text Include="..\input\UVA_10074_Take_the_Land.txt">
      <Filter>input</Filter>
    </Text>
    <Text Include="..\input\UVA_10306_e_Coins.txt">
      <Filter>input</Filter>
    </Text>
    <Text Include="..\input\UVA_674_Coin_Change.txt">
      <Filter>input</Filter>
    </Text>
    <Text Include="..\input\UVA_147_Dollars.txt">
      <Filter>input</Filter>
    </Text>
    <Text Include="..\input\UVa_11517_Exact_Change.txt">
      <Filter>input</Filter>
    </Text>
    <Text Include="..\input\UVA_11137_Ingenuous_Cubrency.txt">
      <Filter>input</Filter>
    </Text>
    <Text Include="..\input\UVA_357_Let_Me_Count_The_Ways.txt">
      <Filter>input</Filter>
    </Text>
    <Text Include="..\input\UVA_116_Unidirectional_TSP.txt">
      <Filter>input</Filter>
    </Text>
    <Text Include="..\input\UVA_10337_Flight_Planner.txt">
      <Filter>input</Filter>
    </Text>
    <Text Include="..\input\UVA_10036_Divisibility.txt">
      <Filter>input</Filter>
    </Text>
    <Text Include="..\input\UVA_11407_Squares.txt">
      <Filter>input</Filter>
    </Text>
    <Text Include="..\input\UVA_10912_Simple_Minded_Hashing.txt">
      <Filter>input</Filter>
    </Text>
    <Text Include="..\input\UVA_1172_The_Bridges_of_Kolsberg.txt">
      <Filter>input</Filter>
    </Text>
  </ItemGroup>
</Project>