<?xml version="1.0" encoding="utf-8"?>
<Project ToolsVersion="4.0" xmlns="http://schemas.microsoft.com/developer/msbuild/2003">
  <ItemGroup>
    <Filter Include="UVA">
      <UniqueIdentifier>{ababf6cb-7349-42aa-96e6-cbaf90f34381}</UniqueIdentifier>
    </Filter>
  </ItemGroup>
  <ItemGroup>
    <ClInclude Include="..\CommonHeader.h" />
    <ClInclude Include="resource.h" />
    <ClInclude Include="..\ConsoleColor.h" />
  </ItemGroup>
  <ItemGroup>
    <ResourceCompile Include="Algorithm.rc" />
  </ItemGroup>
  <ItemGroup>
    <ClCompile Include="..\src\uva\UVa 103_Stacking_Boxes.cpp">
      <Filter>UVA</Filter>
    </ClCompile>
    <ClCompile Include="..\src\uva\UVA_10285_Longest_run_on_Snowboard.cpp">
      <Filter>UVA</Filter>
    </ClCompile>
    <ClCompile Include="..\src\uva\UVA_11450_Wedding_Shopping.cpp">
      <Filter>UVA</Filter>
    </ClCompile>
    <ClCompile Include="..\src\uva\UVa_1056_Degree_Of_Seperation.cpp">
      <Filter>UVA</Filter>
    </ClCompile>
    <ClCompile Include="..\src\uva\UVA_11951_Area.cpp">
      <Filter>UVA</Filter>
    </ClCompile>
    <ClCompile Include="..\src\uva\UVA_1203_Argus.cpp">
      <Filter>UVA</Filter>
    </ClCompile>
    <ClCompile Include="..\src\uva\UVA_11367_Fulltank.cpp">
      <Filter>UVA</Filter>
    </ClCompile>
    <ClCompile Include="..\src\uva\UVA_11906_Knight_in_War_Grid.cpp">
      <Filter>UVA</Filter>
    </ClCompile>
    <ClCompile Include="..\src\uva\UVa_481_WhatGoesUp.cpp">
      <Filter>UVA</Filter>
    </ClCompile>
    <ClCompile Include="..\src\uva\UVA_108_Maximum_sum.cpp">
      <Filter>UVA</Filter>
    </ClCompile>
    <ClCompile Include="..\src\uva\UVA_469_Wetlands_of_Florida.cpp">
      <Filter>UVA</Filter>
    </ClCompile>
    <ClCompile Include="..\src\uva\UVA_11456_Trainsorting.cpp">
      <Filter>UVA</Filter>
    </ClCompile>
    <ClCompile Include="..\src\uva\UVA_100_3NPLUS1.cpp">
      <Filter>UVA</Filter>
    </ClCompile>
    <ClCompile Include="..\src\uva\UVA_11790_Murcia_Skyline.cpp">
      <Filter>UVA</Filter>
    </ClCompile>
    <ClCompile Include="UVA_10213_How_Many_Pieces_of_Land.cpp">
      <Filter>UVA</Filter>
    </ClCompile>
  </ItemGroup>
</Project>